// !$*UTF8*$!
{
	archiveVersion = 1;
	classes = {
	};
	objectVersion = 46;
	objects = {

/* Begin PBXBuildFile section */
		0F85381418F8E07C0072CE88 /* Foundation.framework in Frameworks */ = {isa = PBXBuildFile; fileRef = 0F85381318F8E07C0072CE88 /* Foundation.framework */; };
		0F85381618F8E07C0072CE88 /* CoreGraphics.framework in Frameworks */ = {isa = PBXBuildFile; fileRef = 0F85381518F8E07C0072CE88 /* CoreGraphics.framework */; };
		0F85381818F8E07C0072CE88 /* UIKit.framework in Frameworks */ = {isa = PBXBuildFile; fileRef = 0F85381718F8E07C0072CE88 /* UIKit.framework */; };
		0F85381E18F8E07C0072CE88 /* InfoPlist.strings in Resources */ = {isa = PBXBuildFile; fileRef = 0F85381C18F8E07C0072CE88 /* InfoPlist.strings */; };
		0F85382018F8E07C0072CE88 /* main.m in Sources */ = {isa = PBXBuildFile; fileRef = 0F85381F18F8E07C0072CE88 /* main.m */; };
		0F85382418F8E07C0072CE88 /* cheersAppDelegate.m in Sources */ = {isa = PBXBuildFile; fileRef = 0F85382318F8E07C0072CE88 /* cheersAppDelegate.m */; };
		0F85382718F8E07C0072CE88 /* Main.storyboard in Resources */ = {isa = PBXBuildFile; fileRef = 0F85382518F8E07C0072CE88 /* Main.storyboard */; };
		0F85382A18F8E07C0072CE88 /* cheersViewController.m in Sources */ = {isa = PBXBuildFile; fileRef = 0F85382918F8E07C0072CE88 /* cheersViewController.m */; };
		0F85382C18F8E07C0072CE88 /* Images.xcassets in Resources */ = {isa = PBXBuildFile; fileRef = 0F85382B18F8E07C0072CE88 /* Images.xcassets */; };
		0F85383318F8E07C0072CE88 /* XCTest.framework in Frameworks */ = {isa = PBXBuildFile; fileRef = 0F85383218F8E07C0072CE88 /* XCTest.framework */; };
		0F85383418F8E07C0072CE88 /* Foundation.framework in Frameworks */ = {isa = PBXBuildFile; fileRef = 0F85381318F8E07C0072CE88 /* Foundation.framework */; };
		0F85383518F8E07C0072CE88 /* UIKit.framework in Frameworks */ = {isa = PBXBuildFile; fileRef = 0F85381718F8E07C0072CE88 /* UIKit.framework */; };
		0F85383D18F8E07C0072CE88 /* InfoPlist.strings in Resources */ = {isa = PBXBuildFile; fileRef = 0F85383B18F8E07C0072CE88 /* InfoPlist.strings */; };
		0F85383F18F8E07C0072CE88 /* FenzhangbaoTests.m in Sources */ = {isa = PBXBuildFile; fileRef = 0F85383E18F8E07C0072CE88 /* FenzhangbaoTests.m */; };
		0F87C90C18F8EFEB00357CB6 /* BillSummaryCell.m in Sources */ = {isa = PBXBuildFile; fileRef = 0F87C90B18F8EFEB00357CB6 /* BillSummaryCell.m */; };
		0F87C90F18F8F05F00357CB6 /* BillSummaryTableViewController.m in Sources */ = {isa = PBXBuildFile; fileRef = 0F87C90E18F8F05F00357CB6 /* BillSummaryTableViewController.m */; };
		0F87C91218F8F0C300357CB6 /* Bill.m in Sources */ = {isa = PBXBuildFile; fileRef = 0F87C91118F8F0C300357CB6 /* Bill.m */; };
		0F87C91518F8FC2A00357CB6 /* MenuViewController.m in Sources */ = {isa = PBXBuildFile; fileRef = 0F87C91418F8FC2A00357CB6 /* MenuViewController.m */; };
/* End PBXBuildFile section */

/* Begin PBXContainerItemProxy section */
		0F85383618F8E07C0072CE88 /* PBXContainerItemProxy */ = {
			isa = PBXContainerItemProxy;
			containerPortal = 0F85380818F8E07C0072CE88 /* Project object */;
			proxyType = 1;
			remoteGlobalIDString = 0F85380F18F8E07C0072CE88;
			remoteInfo = Fenzhangbao;
		};
/* End PBXContainerItemProxy section */

/* Begin PBXFileReference section */
		0F85381018F8E07C0072CE88 /* Fenzhangbao.app */ = {isa = PBXFileReference; explicitFileType = wrapper.application; includeInIndex = 0; path = Fenzhangbao.app; sourceTree = BUILT_PRODUCTS_DIR; };
		0F85381318F8E07C0072CE88 /* Foundation.framework */ = {isa = PBXFileReference; lastKnownFileType = wrapper.framework; name = Foundation.framework; path = System/Library/Frameworks/Foundation.framework; sourceTree = SDKROOT; };
		0F85381518F8E07C0072CE88 /* CoreGraphics.framework */ = {isa = PBXFileReference; lastKnownFileType = wrapper.framework; name = CoreGraphics.framework; path = System/Library/Frameworks/CoreGraphics.framework; sourceTree = SDKROOT; };
		0F85381718F8E07C0072CE88 /* UIKit.framework */ = {isa = PBXFileReference; lastKnownFileType = wrapper.framework; name = UIKit.framework; path = System/Library/Frameworks/UIKit.framework; sourceTree = SDKROOT; };
		0F85381B18F8E07C0072CE88 /* Fenzhangbao-Info.plist */ = {isa = PBXFileReference; lastKnownFileType = text.plist.xml; path = "Fenzhangbao-Info.plist"; sourceTree = "<group>"; };
		0F85381D18F8E07C0072CE88 /* en */ = {isa = PBXFileReference; lastKnownFileType = text.plist.strings; name = en; path = en.lproj/InfoPlist.strings; sourceTree = "<group>"; };
		0F85381F18F8E07C0072CE88 /* main.m */ = {isa = PBXFileReference; lastKnownFileType = sourcecode.c.objc; path = main.m; sourceTree = "<group>"; };
		0F85382118F8E07C0072CE88 /* Fenzhangbao-Prefix.pch */ = {isa = PBXFileReference; lastKnownFileType = sourcecode.c.h; path = "Fenzhangbao-Prefix.pch"; sourceTree = "<group>"; };
		0F85382218F8E07C0072CE88 /* cheersAppDelegate.h */ = {isa = PBXFileReference; lastKnownFileType = sourcecode.c.h; path = cheersAppDelegate.h; sourceTree = "<group>"; };
		0F85382318F8E07C0072CE88 /* cheersAppDelegate.m */ = {isa = PBXFileReference; lastKnownFileType = sourcecode.c.objc; path = cheersAppDelegate.m; sourceTree = "<group>"; };
		0F85382618F8E07C0072CE88 /* Base */ = {isa = PBXFileReference; lastKnownFileType = file.storyboard; name = Base; path = Base.lproj/Main.storyboard; sourceTree = "<group>"; };
		0F85382818F8E07C0072CE88 /* cheersViewController.h */ = {isa = PBXFileReference; lastKnownFileType = sourcecode.c.h; path = cheersViewController.h; sourceTree = "<group>"; };
		0F85382918F8E07C0072CE88 /* cheersViewController.m */ = {isa = PBXFileReference; lastKnownFileType = sourcecode.c.objc; path = cheersViewController.m; sourceTree = "<group>"; };
		0F85382B18F8E07C0072CE88 /* Images.xcassets */ = {isa = PBXFileReference; lastKnownFileType = folder.assetcatalog; path = Images.xcassets; sourceTree = "<group>"; };
		0F85383118F8E07C0072CE88 /* FenzhangbaoTests.xctest */ = {isa = PBXFileReference; explicitFileType = wrapper.cfbundle; includeInIndex = 0; path = FenzhangbaoTests.xctest; sourceTree = BUILT_PRODUCTS_DIR; };
		0F85383218F8E07C0072CE88 /* XCTest.framework */ = {isa = PBXFileReference; lastKnownFileType = wrapper.framework; name = XCTest.framework; path = Library/Frameworks/XCTest.framework; sourceTree = DEVELOPER_DIR; };
		0F85383A18F8E07C0072CE88 /* FenzhangbaoTests-Info.plist */ = {isa = PBXFileReference; lastKnownFileType = text.plist.xml; path = "FenzhangbaoTests-Info.plist"; sourceTree = "<group>"; };
		0F85383C18F8E07C0072CE88 /* en */ = {isa = PBXFileReference; lastKnownFileType = text.plist.strings; name = en; path = en.lproj/InfoPlist.strings; sourceTree = "<group>"; };
		0F85383E18F8E07C0072CE88 /* FenzhangbaoTests.m */ = {isa = PBXFileReference; lastKnownFileType = sourcecode.c.objc; path = FenzhangbaoTests.m; sourceTree = "<group>"; };
		0F87C90A18F8EFEB00357CB6 /* BillSummaryCell.h */ = {isa = PBXFileReference; fileEncoding = 4; lastKnownFileType = sourcecode.c.h; path = BillSummaryCell.h; sourceTree = "<group>"; };
		0F87C90B18F8EFEB00357CB6 /* BillSummaryCell.m */ = {isa = PBXFileReference; fileEncoding = 4; lastKnownFileType = sourcecode.c.objc; path = BillSummaryCell.m; sourceTree = "<group>"; };
		0F87C90D18F8F05F00357CB6 /* BillSummaryTableViewController.h */ = {isa = PBXFileReference; fileEncoding = 4; lastKnownFileType = sourcecode.c.h; path = BillSummaryTableViewController.h; sourceTree = "<group>"; };
		0F87C90E18F8F05F00357CB6 /* BillSummaryTableViewController.m */ = {isa = PBXFileReference; fileEncoding = 4; lastKnownFileType = sourcecode.c.objc; path = BillSummaryTableViewController.m; sourceTree = "<group>"; };
		0F87C91018F8F0C300357CB6 /* Bill.h */ = {isa = PBXFileReference; fileEncoding = 4; lastKnownFileType = sourcecode.c.h; path = Bill.h; sourceTree = "<group>"; };
		0F87C91118F8F0C300357CB6 /* Bill.m */ = {isa = PBXFileReference; fileEncoding = 4; lastKnownFileType = sourcecode.c.objc; path = Bill.m; sourceTree = "<group>"; };
		0F87C91318F8FC2A00357CB6 /* MenuViewController.h */ = {isa = PBXFileReference; fileEncoding = 4; lastKnownFileType = sourcecode.c.h; path = MenuViewController.h; sourceTree = "<group>"; };
		0F87C91418F8FC2A00357CB6 /* MenuViewController.m */ = {isa = PBXFileReference; fileEncoding = 4; lastKnownFileType = sourcecode.c.objc; path = MenuViewController.m; sourceTree = "<group>"; };
/* End PBXFileReference section */

/* Begin PBXFrameworksBuildPhase section */
		0F85380D18F8E07C0072CE88 /* Frameworks */ = {
			isa = PBXFrameworksBuildPhase;
			buildActionMask = 2147483647;
			files = (
				0F85381618F8E07C0072CE88 /* CoreGraphics.framework in Frameworks */,
				0F85381818F8E07C0072CE88 /* UIKit.framework in Frameworks */,
				0F85381418F8E07C0072CE88 /* Foundation.framework in Frameworks */,
			);
			runOnlyForDeploymentPostprocessing = 0;
		};
		0F85382E18F8E07C0072CE88 /* Frameworks */ = {
			isa = PBXFrameworksBuildPhase;
			buildActionMask = 2147483647;
			files = (
				0F85383318F8E07C0072CE88 /* XCTest.framework in Frameworks */,
				0F85383518F8E07C0072CE88 /* UIKit.framework in Frameworks */,
				0F85383418F8E07C0072CE88 /* Foundation.framework in Frameworks */,
			);
			runOnlyForDeploymentPostprocessing = 0;
		};
/* End PBXFrameworksBuildPhase section */

/* Begin PBXGroup section */
		0F85380718F8E07C0072CE88 = {
			isa = PBXGroup;
			children = (
				0F85381918F8E07C0072CE88 /* Fenzhangbao */,
				0F85383818F8E07C0072CE88 /* FenzhangbaoTests */,
				0F85381218F8E07C0072CE88 /* Frameworks */,
				0F85381118F8E07C0072CE88 /* Products */,
			);
			sourceTree = "<group>";
		};
		0F85381118F8E07C0072CE88 /* Products */ = {
			isa = PBXGroup;
			children = (
				0F85381018F8E07C0072CE88 /* Fenzhangbao.app */,
				0F85383118F8E07C0072CE88 /* FenzhangbaoTests.xctest */,
			);
			name = Products;
			sourceTree = "<group>";
		};
		0F85381218F8E07C0072CE88 /* Frameworks */ = {
			isa = PBXGroup;
			children = (
				0F85381318F8E07C0072CE88 /* Foundation.framework */,
				0F85381518F8E07C0072CE88 /* CoreGraphics.framework */,
				0F85381718F8E07C0072CE88 /* UIKit.framework */,
				0F85383218F8E07C0072CE88 /* XCTest.framework */,
			);
			name = Frameworks;
			sourceTree = "<group>";
		};
		0F85381918F8E07C0072CE88 /* Fenzhangbao */ = {
			isa = PBXGroup;
			children = (
				0F85382218F8E07C0072CE88 /* cheersAppDelegate.h */,
				0F85382318F8E07C0072CE88 /* cheersAppDelegate.m */,
				0F85382518F8E07C0072CE88 /* Main.storyboard */,
				0F87C91318F8FC2A00357CB6 /* MenuViewController.h */,
				0F87C91418F8FC2A00357CB6 /* MenuViewController.m */,
				0F87C90D18F8F05F00357CB6 /* BillSummaryTableViewController.h */,
				0F87C90E18F8F05F00357CB6 /* BillSummaryTableViewController.m */,
				0F87C91018F8F0C300357CB6 /* Bill.h */,
				0F87C91118F8F0C300357CB6 /* Bill.m */,
				0F87C90A18F8EFEB00357CB6 /* BillSummaryCell.h */,
				0F87C90B18F8EFEB00357CB6 /* BillSummaryCell.m */,
				0F85382818F8E07C0072CE88 /* cheersViewController.h */,
				0F85382918F8E07C0072CE88 /* cheersViewController.m */,
				0F85382B18F8E07C0072CE88 /* Images.xcassets */,
				0F85381A18F8E07C0072CE88 /* Supporting Files */,
			);
			path = Fenzhangbao;
			sourceTree = "<group>";
		};
		0F85381A18F8E07C0072CE88 /* Supporting Files */ = {
			isa = PBXGroup;
			children = (
				0F85381B18F8E07C0072CE88 /* Fenzhangbao-Info.plist */,
				0F85381C18F8E07C0072CE88 /* InfoPlist.strings */,
				0F85381F18F8E07C0072CE88 /* main.m */,
				0F85382118F8E07C0072CE88 /* Fenzhangbao-Prefix.pch */,
			);
			name = "Supporting Files";
			sourceTree = "<group>";
		};
		0F85383818F8E07C0072CE88 /* FenzhangbaoTests */ = {
			isa = PBXGroup;
			children = (
				0F85383E18F8E07C0072CE88 /* FenzhangbaoTests.m */,
				0F85383918F8E07C0072CE88 /* Supporting Files */,
			);
			path = FenzhangbaoTests;
			sourceTree = "<group>";
		};
		0F85383918F8E07C0072CE88 /* Supporting Files */ = {
			isa = PBXGroup;
			children = (
				0F85383A18F8E07C0072CE88 /* FenzhangbaoTests-Info.plist */,
				0F85383B18F8E07C0072CE88 /* InfoPlist.strings */,
			);
			name = "Supporting Files";
			sourceTree = "<group>";
		};
/* End PBXGroup section */

/* Begin PBXNativeTarget section */
		0F85380F18F8E07C0072CE88 /* Fenzhangbao */ = {
			isa = PBXNativeTarget;
			buildConfigurationList = 0F85384218F8E07C0072CE88 /* Build configuration list for PBXNativeTarget "Fenzhangbao" */;
			buildPhases = (
				0F85380C18F8E07C0072CE88 /* Sources */,
				0F85380D18F8E07C0072CE88 /* Frameworks */,
				0F85380E18F8E07C0072CE88 /* Resources */,
			);
			buildRules = (
			);
			dependencies = (
			);
			name = Fenzhangbao;
			productName = Fenzhangbao;
			productReference = 0F85381018F8E07C0072CE88 /* Fenzhangbao.app */;
			productType = "com.apple.product-type.application";
		};
		0F85383018F8E07C0072CE88 /* FenzhangbaoTests */ = {
			isa = PBXNativeTarget;
			buildConfigurationList = 0F85384518F8E07C0072CE88 /* Build configuration list for PBXNativeTarget "FenzhangbaoTests" */;
			buildPhases = (
				0F85382D18F8E07C0072CE88 /* Sources */,
				0F85382E18F8E07C0072CE88 /* Frameworks */,
				0F85382F18F8E07C0072CE88 /* Resources */,
			);
			buildRules = (
			);
			dependencies = (
				0F85383718F8E07C0072CE88 /* PBXTargetDependency */,
			);
			name = FenzhangbaoTests;
			productName = FenzhangbaoTests;
			productReference = 0F85383118F8E07C0072CE88 /* FenzhangbaoTests.xctest */;
			productType = "com.apple.product-type.bundle.unit-test";
		};
/* End PBXNativeTarget section */

/* Begin PBXProject section */
		0F85380818F8E07C0072CE88 /* Project object */ = {
			isa = PBXProject;
			attributes = {
				CLASSPREFIX = cheers;
				LastUpgradeCheck = 0510;
				ORGANIZATIONNAME = Deep126;
				TargetAttributes = {
					0F85383018F8E07C0072CE88 = {
						TestTargetID = 0F85380F18F8E07C0072CE88;
					};
				};
			};
			buildConfigurationList = 0F85380B18F8E07C0072CE88 /* Build configuration list for PBXProject "Fenzhangbao" */;
			compatibilityVersion = "Xcode 3.2";
			developmentRegion = English;
			hasScannedForEncodings = 0;
			knownRegions = (
				en,
				Base,
			);
			mainGroup = 0F85380718F8E07C0072CE88;
			productRefGroup = 0F85381118F8E07C0072CE88 /* Products */;
			projectDirPath = "";
			projectRoot = "";
			targets = (
				0F85380F18F8E07C0072CE88 /* Fenzhangbao */,
				0F85383018F8E07C0072CE88 /* FenzhangbaoTests */,
			);
		};
/* End PBXProject section */

/* Begin PBXResourcesBuildPhase section */
		0F85380E18F8E07C0072CE88 /* Resources */ = {
			isa = PBXResourcesBuildPhase;
			buildActionMask = 2147483647;
			files = (
				0F85382C18F8E07C0072CE88 /* Images.xcassets in Resources */,
				0F85381E18F8E07C0072CE88 /* InfoPlist.strings in Resources */,
				0F85382718F8E07C0072CE88 /* Main.storyboard in Resources */,
			);
			runOnlyForDeploymentPostprocessing = 0;
		};
		0F85382F18F8E07C0072CE88 /* Resources */ = {
			isa = PBXResourcesBuildPhase;
			buildActionMask = 2147483647;
			files = (
				0F85383D18F8E07C0072CE88 /* InfoPlist.strings in Resources */,
			);
			runOnlyForDeploymentPostprocessing = 0;
		};
/* End PBXResourcesBuildPhase section */

/* Begin PBXSourcesBuildPhase section */
		0F85380C18F8E07C0072CE88 /* Sources */ = {
			isa = PBXSourcesBuildPhase;
			buildActionMask = 2147483647;
			files = (
				0F87C91218F8F0C300357CB6 /* Bill.m in Sources */,
				0F85382418F8E07C0072CE88 /* cheersAppDelegate.m in Sources */,
				0F87C90C18F8EFEB00357CB6 /* BillSummaryCell.m in Sources */,
				0F85382018F8E07C0072CE88 /* main.m in Sources */,
				0F87C91518F8FC2A00357CB6 /* MenuViewController.m in Sources */,
				0F87C90F18F8F05F00357CB6 /* BillSummaryTableViewController.m in Sources */,
				0F85382A18F8E07C0072CE88 /* cheersViewController.m in Sources */,
			);
			runOnlyForDeploymentPostprocessing = 0;
		};
		0F85382D18F8E07C0072CE88 /* Sources */ = {
			isa = PBXSourcesBuildPhase;
			buildActionMask = 2147483647;
			files = (
				0F85383F18F8E07C0072CE88 /* FenzhangbaoTests.m in Sources */,
			);
			runOnlyForDeploymentPostprocessing = 0;
		};
/* End PBXSourcesBuildPhase section */

/* Begin PBXTargetDependency section */
		0F85383718F8E07C0072CE88 /* PBXTargetDependency */ = {
			isa = PBXTargetDependency;
			target = 0F85380F18F8E07C0072CE88 /* Fenzhangbao */;
			targetProxy = 0F85383618F8E07C0072CE88 /* PBXContainerItemProxy */;
		};
/* End PBXTargetDependency section */

/* Begin PBXVariantGroup section */
		0F85381C18F8E07C0072CE88 /* InfoPlist.strings */ = {
			isa = PBXVariantGroup;
			children = (
				0F85381D18F8E07C0072CE88 /* en */,
			);
			name = InfoPlist.strings;
			sourceTree = "<group>";
		};
		0F85382518F8E07C0072CE88 /* Main.storyboard */ = {
			isa = PBXVariantGroup;
			children = (
				0F85382618F8E07C0072CE88 /* Base */,
			);
			name = Main.storyboard;
			sourceTree = "<group>";
		};
		0F85383B18F8E07C0072CE88 /* InfoPlist.strings */ = {
			isa = PBXVariantGroup;
			children = (
				0F85383C18F8E07C0072CE88 /* en */,
			);
			name = InfoPlist.strings;
			sourceTree = "<group>";
		};
/* End PBXVariantGroup section */

/* Begin XCBuildConfiguration section */
		0F85384018F8E07C0072CE88 /* Debug */ = {
			isa = XCBuildConfiguration;
			buildSettings = {
				ALWAYS_SEARCH_USER_PATHS = NO;
				CLANG_CXX_LANGUAGE_STANDARD = "gnu++0x";
				CLANG_CXX_LIBRARY = "libc++";
				CLANG_ENABLE_MODULES = YES;
				CLANG_ENABLE_OBJC_ARC = YES;
				CLANG_WARN_BOOL_CONVERSION = YES;
				CLANG_WARN_CONSTANT_CONVERSION = YES;
				CLANG_WARN_DIRECT_OBJC_ISA_USAGE = YES_ERROR;
				CLANG_WARN_EMPTY_BODY = YES;
				CLANG_WARN_ENUM_CONVERSION = YES;
				CLANG_WARN_INT_CONVERSION = YES;
				CLANG_WARN_OBJC_ROOT_CLASS = YES_ERROR;
				CLANG_WARN__DUPLICATE_METHOD_MATCH = YES;
				"CODE_SIGN_IDENTITY[sdk=iphoneos*]" = "iPhone Developer";
				COPY_PHASE_STRIP = NO;
				GCC_C_LANGUAGE_STANDARD = gnu99;
				GCC_DYNAMIC_NO_PIC = NO;
				GCC_OPTIMIZATION_LEVEL = 0;
				GCC_PREPROCESSOR_DEFINITIONS = (
					"DEBUG=1",
					"$(inherited)",
				);
				GCC_SYMBOLS_PRIVATE_EXTERN = NO;
				GCC_WARN_64_TO_32_BIT_CONVERSION = YES;
				GCC_WARN_ABOUT_RETURN_TYPE = YES_ERROR;
				GCC_WARN_UNDECLARED_SELECTOR = YES;
				GCC_WARN_UNINITIALIZED_AUTOS = YES_AGGRESSIVE;
				GCC_WARN_UNUSED_FUNCTION = YES;
				GCC_WARN_UNUSED_VARIABLE = YES;
				IPHONEOS_DEPLOYMENT_TARGET = 7.1;
				ONLY_ACTIVE_ARCH = YES;
				SDKROOT = iphoneos;
			};
			name = Debug;
		};
		0F85384118F8E07C0072CE88 /* Release */ = {
			isa = XCBuildConfiguration;
			buildSettings = {
				ALWAYS_SEARCH_USER_PATHS = NO;
				CLANG_CXX_LANGUAGE_STANDARD = "gnu++0x";
				CLANG_CXX_LIBRARY = "libc++";
				CLANG_ENABLE_MODULES = YES;
				CLANG_ENABLE_OBJC_ARC = YES;
				CLANG_WARN_BOOL_CONVERSION = YES;
				CLANG_WARN_CONSTANT_CONVERSION = YES;
				CLANG_WARN_DIRECT_OBJC_ISA_USAGE = YES_ERROR;
				CLANG_WARN_EMPTY_BODY = YES;
				CLANG_WARN_ENUM_CONVERSION = YES;
				CLANG_WARN_INT_CONVERSION = YES;
				CLANG_WARN_OBJC_ROOT_CLASS = YES_ERROR;
				CLANG_WARN__DUPLICATE_METHOD_MATCH = YES;
				"CODE_SIGN_IDENTITY[sdk=iphoneos*]" = "iPhone Developer";
				COPY_PHASE_STRIP = YES;
				ENABLE_NS_ASSERTIONS = NO;
				GCC_C_LANGUAGE_STANDARD = gnu99;
				GCC_WARN_64_TO_32_BIT_CONVERSION = YES;
				GCC_WARN_ABOUT_RETURN_TYPE = YES_ERROR;
				GCC_WARN_UNDECLARED_SELECTOR = YES;
				GCC_WARN_UNINITIALIZED_AUTOS = YES_AGGRESSIVE;
				GCC_WARN_UNUSED_FUNCTION = YES;
				GCC_WARN_UNUSED_VARIABLE = YES;
				IPHONEOS_DEPLOYMENT_TARGET = 7.1;
				SDKROOT = iphoneos;
				VALIDATE_PRODUCT = YES;
			};
			name = Release;
		};
		0F85384318F8E07C0072CE88 /* Debug */ = {
			isa = XCBuildConfiguration;
			buildSettings = {
				ASSETCATALOG_COMPILER_APPICON_NAME = AppIcon;
				ASSETCATALOG_COMPILER_LAUNCHIMAGE_NAME = LaunchImage;
				GCC_PRECOMPILE_PREFIX_HEADER = YES;
				GCC_PREFIX_HEADER = "Fenzhangbao/Fenzhangbao-Prefix.pch";
				INFOPLIST_FILE = "Fenzhangbao/Fenzhangbao-Info.plist";
				PRODUCT_NAME = "$(TARGET_NAME)";
				WRAPPER_EXTENSION = app;
			};
			name = Debug;
		};
		0F85384418F8E07C0072CE88 /* Release */ = {
			isa = XCBuildConfiguration;
			buildSettings = {
				ASSETCATALOG_COMPILER_APPICON_NAME = AppIcon;
				ASSETCATALOG_COMPILER_LAUNCHIMAGE_NAME = LaunchImage;
				GCC_PRECOMPILE_PREFIX_HEADER = YES;
				GCC_PREFIX_HEADER = "Fenzhangbao/Fenzhangbao-Prefix.pch";
				INFOPLIST_FILE = "Fenzhangbao/Fenzhangbao-Info.plist";
				PRODUCT_NAME = "$(TARGET_NAME)";
				WRAPPER_EXTENSION = app;
			};
			name = Release;
		};
		0F85384618F8E07C0072CE88 /* Debug */ = {
			isa = XCBuildConfiguration;
			buildSettings = {
				BUNDLE_LOADER = "$(BUILT_PRODUCTS_DIR)/Fenzhangbao.app/Fenzhangbao";
				FRAMEWORK_SEARCH_PATHS = (
					"$(SDKROOT)/Developer/Library/Frameworks",
					"$(inherited)",
					"$(DEVELOPER_FRAMEWORKS_DIR)",
				);
				GCC_PRECOMPILE_PREFIX_HEADER = YES;
				GCC_PREFIX_HEADER = "Fenzhangbao/Fenzhangbao-Prefix.pch";
				GCC_PREPROCESSOR_DEFINITIONS = (
					"DEBUG=1",
					"$(inherited)",
				);
				INFOPLIST_FILE = "FenzhangbaoTests/FenzhangbaoTests-Info.plist";
				PRODUCT_NAME = "$(TARGET_NAME)";
				TEST_HOST = "$(BUNDLE_LOADER)";
				WRAPPER_EXTENSION = xctest;
			};
			name = Debug;
		};
		0F85384718F8E07C0072CE88 /* Release */ = {
			isa = XCBuildConfiguration;
			buildSettings = {
				BUNDLE_LOADER = "$(BUILT_PRODUCTS_DIR)/Fenzhangbao.app/Fenzhangbao";
				FRAMEWORK_SEARCH_PATHS = (
					"$(SDKROOT)/Developer/Library/Frameworks",
					"$(inherited)",
					"$(DEVELOPER_FRAMEWORKS_DIR)",
				);
				GCC_PRECOMPILE_PREFIX_HEADER = YES;
				GCC_PREFIX_HEADER = "Fenzhangbao/Fenzhangbao-Prefix.pch";
				INFOPLIST_FILE = "FenzhangbaoTests/FenzhangbaoTests-Info.plist";
				PRODUCT_NAME = "$(TARGET_NAME)";
				TEST_HOST = "$(BUNDLE_LOADER)";
				WRAPPER_EXTENSION = xctest;
			};
			name = Release;
		};
/* End XCBuildConfiguration section */

/* Begin XCConfigurationList section */
		0F85380B18F8E07C0072CE88 /* Build configuration list for PBXProject "Fenzhangbao" */ = {
			isa = XCConfigurationList;
			buildConfigurations = (
				0F85384018F8E07C0072CE88 /* Debug */,
				0F85384118F8E07C0072CE88 /* Release */,
			);
			defaultConfigurationIsVisible = 0;
			defaultConfigurationName = Release;
		};
		0F85384218F8E07C0072CE88 /* Build configuration list for PBXNativeTarget "Fenzhangbao" */ = {
			isa = XCConfigurationList;
			buildConfigurations = (
				0F85384318F8E07C0072CE88 /* Debug */,
				0F85384418F8E07C0072CE88 /* Release */,
			);
			defaultConfigurationIsVisible = 0;
			defaultConfigurationName = Release;
		};
		0F85384518F8E07C0072CE88 /* Build configuration list for PBXNativeTarget "FenzhangbaoTests" */ = {
			isa = XCConfigurationList;
			buildConfigurations = (
				0F85384618F8E07C0072CE88 /* Debug */,
				0F85384718F8E07C0072CE88 /* Release */,
			);
			defaultConfigurationIsVisible = 0;
			defaultConfigurationName = Release;
		};
/* End XCConfigurationList section */
	};
	rootObject = 0F85380818F8E07C0072CE88 /* Project object */;
}
